# This file is automatically @generated by Cargo.
# It is not intended for manual editing.
version = 4

[[package]]
name = "lcl-ast"
version = "0.1.0"

[[package]]
name = "lcl-lexer"
version = "0.1.0"

[[package]]
name = "lcl-parser"
version = "0.1.0"
dependencies = [
 "lcl-ast",
 "lcl-lexer",
]

[[package]]
name = "lcl-runtime"
version = "0.1.0"
dependencies = [
 "lcl-ast",
]
